lockfileVersion: '9.0'

settings:
  autoInstallPeers: true
  excludeLinksFromLockfile: false

importers:

  .:
    dependencies:
      kysely:
        specifier: ^0.28.2
        version: 0.28.2
      lodash:
        specifier: ^4.17.21
        version: 4.17.21

packages:

  kysely@0.28.2:
    resolution: {integrity: sha512-4YAVLoF0Sf0UTqlhgQMFU9iQECdah7n+13ANkiuVfRvlK+uI0Etbgd7bVP36dKlG+NXWbhGua8vnGt+sdhvT7A==}
    engines: {node: '>=18.0.0'}

  lodash@4.17.21:
    resolution: {integrity: sha512-v2kDEe57lecTulaDIuNTPy3Ry4gLGJ6Z1O3vE1krgXZNrsQ+LFTGHVxVjcXPs17LhbZVGedAJv8XZ1tvj5FvSg==}

snapshots:

  kysely@0.28.2: {}

  lodash@4.17.21: {}
